// !$*UTF8*$!
{
	archiveVersion = 1;
	classes = {
	};
	objectVersion = 46;
	objects = {

/* Begin PBXBuildFile section */
		5B7FEA8C1D24229C003D7FF5 /* AppDelegate.swift in Sources */ = {isa = PBXBuildFile; fileRef = 5B7FEA8B1D24229C003D7FF5 /* AppDelegate.swift */; };
		5B7FEA8E1D24229C003D7FF5 /* ViewController.swift in Sources */ = {isa = PBXBuildFile; fileRef = 5B7FEA8D1D24229C003D7FF5 /* ViewController.swift */; };
		5B7FEA911D24229C003D7FF5 /* Main.storyboard in Resources */ = {isa = PBXBuildFile; fileRef = 5B7FEA8F1D24229C003D7FF5 /* Main.storyboard */; };
		5B7FEA931D24229C003D7FF5 /* Assets.xcassets in Resources */ = {isa = PBXBuildFile; fileRef = 5B7FEA921D24229C003D7FF5 /* Assets.xcassets */; };
		5B7FEA961D24229C003D7FF5 /* LaunchScreen.storyboard in Resources */ = {isa = PBXBuildFile; fileRef = 5B7FEA941D24229C003D7FF5 /* LaunchScreen.storyboard */; };
		5B7FEAA11D24229C003D7FF5 /* GitHubTests.swift in Sources */ = {isa = PBXBuildFile; fileRef = 5B7FEAA01D24229C003D7FF5 /* GitHubTests.swift */; };
		5B7FEAAC1D24229C003D7FF5 /* GitHubUITests.swift in Sources */ = {isa = PBXBuildFile; fileRef = 5B7FEAAB1D24229C003D7FF5 /* GitHubUITests.swift */; };
/* End PBXBuildFile section */

/* Begin PBXContainerItemProxy section */
		5B7FEA9D1D24229C003D7FF5 /* PBXContainerItemProxy */ = {
			isa = PBXContainerItemProxy;
			containerPortal = 5B7FEA801D24229B003D7FF5 /* Project object */;
			proxyType = 1;
			remoteGlobalIDString = 5B7FEA871D24229B003D7FF5;
			remoteInfo = GitHub;
		};
		5B7FEAA81D24229C003D7FF5 /* PBXContainerItemProxy */ = {
			isa = PBXContainerItemProxy;
			containerPortal = 5B7FEA801D24229B003D7FF5 /* Project object */;
			proxyType = 1;
			remoteGlobalIDString = 5B7FEA871D24229B003D7FF5;
			remoteInfo = GitHub;
		};
/* End PBXContainerItemProxy section */

/* Begin PBXFileReference section */
		5B7FEA881D24229B003D7FF5 /* GitHub.app */ = {isa = PBXFileReference; explicitFileType = wrapper.application; includeInIndex = 0; path = GitHub.app; sourceTree = BUILT_PRODUCTS_DIR; };
		5B7FEA8B1D24229C003D7FF5 /* AppDelegate.swift */ = {isa = PBXFileReference; lastKnownFileType = sourcecode.swift; path = AppDelegate.swift; sourceTree = "<group>"; };
		5B7FEA8D1D24229C003D7FF5 /* ViewController.swift */ = {isa = PBXFileReference; lastKnownFileType = sourcecode.swift; path = ViewController.swift; sourceTree = "<group>"; };
		5B7FEA901D24229C003D7FF5 /* Base */ = {isa = PBXFileReference; lastKnownFileType = file.storyboard; name = Base; path = Base.lproj/Main.storyboard; sourceTree = "<group>"; };
		5B7FEA921D24229C003D7FF5 /* Assets.xcassets */ = {isa = PBXFileReference; lastKnownFileType = folder.assetcatalog; path = Assets.xcassets; sourceTree = "<group>"; };
		5B7FEA951D24229C003D7FF5 /* Base */ = {isa = PBXFileReference; lastKnownFileType = file.storyboard; name = Base; path = Base.lproj/LaunchScreen.storyboard; sourceTree = "<group>"; };
		5B7FEA971D24229C003D7FF5 /* Info.plist */ = {isa = PBXFileReference; lastKnownFileType = text.plist.xml; path = Info.plist; sourceTree = "<group>"; };
		5B7FEA9C1D24229C003D7FF5 /* GitHubTests.xctest */ = {isa = PBXFileReference; explicitFileType = wrapper.cfbundle; includeInIndex = 0; path = GitHubTests.xctest; sourceTree = BUILT_PRODUCTS_DIR; };
		5B7FEAA01D24229C003D7FF5 /* GitHubTests.swift */ = {isa = PBXFileReference; lastKnownFileType = sourcecode.swift; path = GitHubTests.swift; sourceTree = "<group>"; };
		5B7FEAA21D24229C003D7FF5 /* Info.plist */ = {isa = PBXFileReference; lastKnownFileType = text.plist.xml; path = Info.plist; sourceTree = "<group>"; };
		5B7FEAA71D24229C003D7FF5 /* GitHubUITests.xctest */ = {isa = PBXFileReference; explicitFileType = wrapper.cfbundle; includeInIndex = 0; path = GitHubUITests.xctest; sourceTree = BUILT_PRODUCTS_DIR; };
		5B7FEAAB1D24229C003D7FF5 /* GitHubUITests.swift */ = {isa = PBXFileReference; lastKnownFileType = sourcecode.swift; path = GitHubUITests.swift; sourceTree = "<group>"; };
		5B7FEAAD1D24229C003D7FF5 /* Info.plist */ = {isa = PBXFileReference; lastKnownFileType = text.plist.xml; path = Info.plist; sourceTree = "<group>"; };
/* End PBXFileReference section */

/* Begin PBXFrameworksBuildPhase section */
		5B7FEA851D24229B003D7FF5 /* Frameworks */ = {
			isa = PBXFrameworksBuildPhase;
			buildActionMask = 2147483647;
			files = (
			);
			runOnlyForDeploymentPostprocessing = 0;
		};
		5B7FEA991D24229C003D7FF5 /* Frameworks */ = {
			isa = PBXFrameworksBuildPhase;
			buildActionMask = 2147483647;
			files = (
			);
			runOnlyForDeploymentPostprocessing = 0;
		};
		5B7FEAA41D24229C003D7FF5 /* Frameworks */ = {
			isa = PBXFrameworksBuildPhase;
			buildActionMask = 2147483647;
			files = (
			);
			runOnlyForDeploymentPostprocessing = 0;
		};
/* End PBXFrameworksBuildPhase section */

/* Begin PBXGroup section */
		5B7FEA7F1D24229B003D7FF5 = {
			isa = PBXGroup;
			children = (
				5B7FEA8A1D24229C003D7FF5 /* GitHub */,
				5B7FEA9F1D24229C003D7FF5 /* GitHubTests */,
				5B7FEAAA1D24229C003D7FF5 /* GitHubUITests */,
				5B7FEA891D24229B003D7FF5 /* Products */,
			);
			sourceTree = "<group>";
		};
		5B7FEA891D24229B003D7FF5 /* Products */ = {
			isa = PBXGroup;
			children = (
				5B7FEA881D24229B003D7FF5 /* GitHub.app */,
				5B7FEA9C1D24229C003D7FF5 /* GitHubTests.xctest */,
				5B7FEAA71D24229C003D7FF5 /* GitHubUITests.xctest */,
			);
			name = Products;
			sourceTree = "<group>";
		};
		5B7FEA8A1D24229C003D7FF5 /* GitHub */ = {
			isa = PBXGroup;
			children = (
				5B7FEA8B1D24229C003D7FF5 /* AppDelegate.swift */,
				5B7FEA8D1D24229C003D7FF5 /* ViewController.swift */,
				5B7FEA8F1D24229C003D7FF5 /* Main.storyboard */,
				5B7FEA921D24229C003D7FF5 /* Assets.xcassets */,
				5B7FEA941D24229C003D7FF5 /* LaunchScreen.storyboard */,
				5B7FEA971D24229C003D7FF5 /* Info.plist */,
			);
			path = GitHub;
			sourceTree = "<group>";
		};
		5B7FEA9F1D24229C003D7FF5 /* GitHubTests */ = {
			isa = PBXGroup;
			children = (
				5B7FEAA01D24229C003D7FF5 /* GitHubTests.swift */,
				5B7FEAA21D24229C003D7FF5 /* Info.plist */,
			);
			path = GitHubTests;
			sourceTree = "<group>";
		};
		5B7FEAAA1D24229C003D7FF5 /* GitHubUITests */ = {
			isa = PBXGroup;
			children = (
				5B7FEAAB1D24229C003D7FF5 /* GitHubUITests.swift */,
				5B7FEAAD1D24229C003D7FF5 /* Info.plist */,
			);
			path = GitHubUITests;
			sourceTree = "<group>";
		};
/* End PBXGroup section */

/* Begin PBXNativeTarget section */
		5B7FEA871D24229B003D7FF5 /* GitHub */ = {
			isa = PBXNativeTarget;
			buildConfigurationList = 5B7FEAB01D24229C003D7FF5 /* Build configuration list for PBXNativeTarget "GitHub" */;
			buildPhases = (
				5B7FEA841D24229B003D7FF5 /* Sources */,
				5B7FEA851D24229B003D7FF5 /* Frameworks */,
				5B7FEA861D24229B003D7FF5 /* Resources */,
			);
			buildRules = (
			);
			dependencies = (
			);
			name = GitHub;
			productName = GitHub;
			productReference = 5B7FEA881D24229B003D7FF5 /* GitHub.app */;
			productType = "com.apple.product-type.application";
		};
		5B7FEA9B1D24229C003D7FF5 /* GitHubTests */ = {
			isa = PBXNativeTarget;
			buildConfigurationList = 5B7FEAB31D24229C003D7FF5 /* Build configuration list for PBXNativeTarget "GitHubTests" */;
			buildPhases = (
				5B7FEA981D24229C003D7FF5 /* Sources */,
				5B7FEA991D24229C003D7FF5 /* Frameworks */,
				5B7FEA9A1D24229C003D7FF5 /* Resources */,
			);
			buildRules = (
			);
			dependencies = (
				5B7FEA9E1D24229C003D7FF5 /* PBXTargetDependency */,
			);
			name = GitHubTests;
			productName = GitHubTests;
			productReference = 5B7FEA9C1D24229C003D7FF5 /* GitHubTests.xctest */;
			productType = "com.apple.product-type.bundle.unit-test";
		};
		5B7FEAA61D24229C003D7FF5 /* GitHubUITests */ = {
			isa = PBXNativeTarget;
			buildConfigurationList = 5B7FEAB61D24229C003D7FF5 /* Build configuration list for PBXNativeTarget "GitHubUITests" */;
			buildPhases = (
				5B7FEAA31D24229C003D7FF5 /* Sources */,
				5B7FEAA41D24229C003D7FF5 /* Frameworks */,
				5B7FEAA51D24229C003D7FF5 /* Resources */,
			);
			buildRules = (
			);
			dependencies = (
				5B7FEAA91D24229C003D7FF5 /* PBXTargetDependency */,
			);
			name = GitHubUITests;
			productName = GitHubUITests;
			productReference = 5B7FEAA71D24229C003D7FF5 /* GitHubUITests.xctest */;
			productType = "com.apple.product-type.bundle.ui-testing";
		};
/* End PBXNativeTarget section */

/* Begin PBXProject section */
		5B7FEA801D24229B003D7FF5 /* Project object */ = {
			isa = PBXProject;
			attributes = {
				LastSwiftUpdateCheck = 0730;
				LastUpgradeCheck = 0730;
				ORGANIZATIONNAME = markatlarge;
				TargetAttributes = {
					5B7FEA871D24229B003D7FF5 = {
						CreatedOnToolsVersion = 7.3.1;
						DevelopmentTeam = KWZ5V7TXGN;
					};
					5B7FEA9B1D24229C003D7FF5 = {
						CreatedOnToolsVersion = 7.3.1;
						DevelopmentTeam = KWZ5V7TXGN;
						TestTargetID = 5B7FEA871D24229B003D7FF5;
					};
					5B7FEAA61D24229C003D7FF5 = {
						CreatedOnToolsVersion = 7.3.1;
						DevelopmentTeam = KWZ5V7TXGN;
						TestTargetID = 5B7FEA871D24229B003D7FF5;
					};
				};
			};
			buildConfigurationList = 5B7FEA831D24229B003D7FF5 /* Build configuration list for PBXProject "GitHub" */;
			compatibilityVersion = "Xcode 3.2";
			developmentRegion = English;
			hasScannedForEncodings = 0;
			knownRegions = (
				en,
				Base,
			);
			mainGroup = 5B7FEA7F1D24229B003D7FF5;
			productRefGroup = 5B7FEA891D24229B003D7FF5 /* Products */;
			projectDirPath = "";
			projectRoot = "";
			targets = (
				5B7FEA871D24229B003D7FF5 /* GitHub */,
				5B7FEA9B1D24229C003D7FF5 /* GitHubTests */,
				5B7FEAA61D24229C003D7FF5 /* GitHubUITests */,
			);
		};
/* End PBXProject section */

/* Begin PBXResourcesBuildPhase section */
		5B7FEA861D24229B003D7FF5 /* Resources */ = {
			isa = PBXResourcesBuildPhase;
			buildActionMask = 2147483647;
			files = (
				5B7FEA961D24229C003D7FF5 /* LaunchScreen.storyboard in Resources */,
				5B7FEA931D24229C003D7FF5 /* Assets.xcassets in Resources */,
				5B7FEA911D24229C003D7FF5 /* Main.storyboard in Resources */,
			);
			runOnlyForDeploymentPostprocessing = 0;
		};
		5B7FEA9A1D24229C003D7FF5 /* Resources */ = {
			isa = PBXResourcesBuildPhase;
			buildActionMask = 2147483647;
			files = (
			);
			runOnlyForDeploymentPostprocessing = 0;
		};
		5B7FEAA51D24229C003D7FF5 /* Resources */ = {
			isa = PBXResourcesBuildPhase;
			buildActionMask = 2147483647;
			files = (
			);
			runOnlyForDeploymentPostprocessing = 0;
		};
/* End PBXResourcesBuildPhase section */

/* Begin PBXSourcesBuildPhase section */
		5B7FEA841D24229B003D7FF5 /* Sources */ = {
			isa = PBXSourcesBuildPhase;
			buildActionMask = 2147483647;
			files = (
				5B7FEA8E1D24229C003D7FF5 /* ViewController.swift in Sources */,
				5B7FEA8C1D24229C003D7FF5 /* AppDelegate.swift in Sources */,
			);
			runOnlyForDeploymentPostprocessing = 0;
		};
		5B7FEA981D24229C003D7FF5 /* Sources */ = {
			isa = PBXSourcesBuildPhase;
			buildActionMask = 2147483647;
			files = (
				5B7FEAA11D24229C003D7FF5 /* GitHubTests.swift in Sources */,
			);
			runOnlyForDeploymentPostprocessing = 0;
		};
		5B7FEAA31D24229C003D7FF5 /* Sources */ = {
			isa = PBXSourcesBuildPhase;
			buildActionMask = 2147483647;
			files = (
				5B7FEAAC1D24229C003D7FF5 /* GitHubUITests.swift in Sources */,
			);
			runOnlyForDeploymentPostprocessing = 0;
		};
/* End PBXSourcesBuildPhase section */

/* Begin PBXTargetDependency section */
		5B7FEA9E1D24229C003D7FF5 /* PBXTargetDependency */ = {
			isa = PBXTargetDependency;
			target = 5B7FEA871D24229B003D7FF5 /* GitHub */;
			targetProxy = 5B7FEA9D1D24229C003D7FF5 /* PBXContainerItemProxy */;
		};
		5B7FEAA91D24229C003D7FF5 /* PBXTargetDependency */ = {
			isa = PBXTargetDependency;
			target = 5B7FEA871D24229B003D7FF5 /* GitHub */;
			targetProxy = 5B7FEAA81D24229C003D7FF5 /* PBXContainerItemProxy */;
		};
/* End PBXTargetDependency section */

/* Begin PBXVariantGroup section */
		5B7FEA8F1D24229C003D7FF5 /* Main.storyboard */ = {
			isa = PBXVariantGroup;
			children = (
				5B7FEA901D24229C003D7FF5 /* Base */,
			);
			name = Main.storyboard;
			sourceTree = "<group>";
		};
		5B7FEA941D24229C003D7FF5 /* LaunchScreen.storyboard */ = {
			isa = PBXVariantGroup;
			children = (
				5B7FEA951D24229C003D7FF5 /* Base */,
			);
			name = LaunchScreen.storyboard;
			sourceTree = "<group>";
		};
/* End PBXVariantGroup section */

/* Begin XCBuildConfiguration section */
		5B7FEAAE1D24229C003D7FF5 /* Debug */ = {
			isa = XCBuildConfiguration;
			buildSettings = {
				ALWAYS_SEARCH_USER_PATHS = NO;
				CLANG_ANALYZER_NONNULL = YES;
				CLANG_CXX_LANGUAGE_STANDARD = "gnu++0x";
				CLANG_CXX_LIBRARY = "libc++";
				CLANG_ENABLE_MODULES = YES;
				CLANG_ENABLE_OBJC_ARC = YES;
				CLANG_WARN_BOOL_CONVERSION = YES;
				CLANG_WARN_CONSTANT_CONVERSION = YES;
				CLANG_WARN_DIRECT_OBJC_ISA_USAGE = YES_ERROR;
				CLANG_WARN_EMPTY_BODY = YES;
				CLANG_WARN_ENUM_CONVERSION = YES;
				CLANG_WARN_INT_CONVERSION = YES;
				CLANG_WARN_OBJC_ROOT_CLASS = YES_ERROR;
				CLANG_WARN_UNREACHABLE_CODE = YES;
				CLANG_WARN__DUPLICATE_METHOD_MATCH = YES;
				"CODE_SIGN_IDENTITY[sdk=iphoneos*]" = "iPhone Developer";
				COPY_PHASE_STRIP = NO;
				DEBUG_INFORMATION_FORMAT = dwarf;
				ENABLE_STRICT_OBJC_MSGSEND = YES;
				ENABLE_TESTABILITY = YES;
				GCC_C_LANGUAGE_STANDARD = gnu99;
				GCC_DYNAMIC_NO_PIC = NO;
				GCC_NO_COMMON_BLOCKS = YES;
				GCC_OPTIMIZATION_LEVEL = 0;
				GCC_PREPROCESSOR_DEFINITIONS = (
					"DEBUG=1",
					"$(inherited)",
				);
				GCC_WARN_64_TO_32_BIT_CONVERSION = YES;
				GCC_WARN_ABOUT_RETURN_TYPE = YES_ERROR;
				GCC_WARN_UNDECLARED_SELECTOR = YES;
				GCC_WARN_UNINITIALIZED_AUTOS = YES_AGGRESSIVE;
				GCC_WARN_UNUSED_FUNCTION = YES;
				GCC_WARN_UNUSED_VARIABLE = YES;
				IPHONEOS_DEPLOYMENT_TARGET = 9.3;
				MTL_ENABLE_DEBUG_INFO = YES;
				ONLY_ACTIVE_ARCH = YES;
				SDKROOT = iphoneos;
				SWIFT_OPTIMIZATION_LEVEL = "-Onone";
			};
			name = Debug;
		};
		5B7FEAAF1D24229C003D7FF5 /* Release */ = {
			isa = XCBuildConfiguration;
			buildSettings = {
				ALWAYS_SEARCH_USER_PATHS = NO;
				CLANG_ANALYZER_NONNULL = YES;
				CLANG_CXX_LANGUAGE_STANDARD = "gnu++0x";
				CLANG_CXX_LIBRARY = "libc++";
				CLANG_ENABLE_MODULES = YES;
				CLANG_ENABLE_OBJC_ARC = YES;
				CLANG_WARN_BOOL_CONVERSION = YES;
				CLANG_WARN_CONSTANT_CONVERSION = YES;
				CLANG_WARN_DIRECT_OBJC_ISA_USAGE = YES_ERROR;
				CLANG_WARN_EMPTY_BODY = YES;
				CLANG_WARN_ENUM_CONVERSION = YES;
				CLANG_WARN_INT_CONVERSION = YES;
				CLANG_WARN_OBJC_ROOT_CLASS = YES_ERROR;
				CLANG_WARN_UNREACHABLE_CODE = YES;
				CLANG_WARN__DUPLICATE_METHOD_MATCH = YES;
				"CODE_SIGN_IDENTITY[sdk=iphoneos*]" = "iPhone Developer";
				COPY_PHASE_STRIP = NO;
				DEBUG_INFORMATION_FORMAT = "dwarf-with-dsym";
				ENABLE_NS_ASSERTIONS = NO;
				ENABLE_STRICT_OBJC_MSGSEND = YES;
				GCC_C_LANGUAGE_STANDARD = gnu99;
				GCC_NO_COMMON_BLOCKS = YES;
				GCC_WARN_64_TO_32_BIT_CONVERSION = YES;
				GCC_WARN_ABOUT_RETURN_TYPE = YES_ERROR;
				GCC_WARN_UNDECLARED_SELECTOR = YES;
				GCC_WARN_UNINITIALIZED_AUTOS = YES_AGGRESSIVE;
				GCC_WARN_UNUSED_FUNCTION = YES;
				GCC_WARN_UNUSED_VARIABLE = YES;
				IPHONEOS_DEPLOYMENT_TARGET = 9.3;
				MTL_ENABLE_DEBUG_INFO = NO;
				SDKROOT = iphoneos;
				VALIDATE_PRODUCT = YES;
			};
			name = Release;
		};
		5B7FEAB11D24229C003D7FF5 /* Debug */ = {
			isa = XCBuildConfiguration;
			buildSettings = {
				ASSETCATALOG_COMPILER_APPICON_NAME = AppIcon;
				INFOPLIST_FILE = GitHub/Info.plist;
				LD_RUNPATH_SEARCH_PATHS = "$(inherited) @executable_path/Frameworks";
				PRODUCT_BUNDLE_IDENTIFIER = com.markatlarge.GitHub;
				PRODUCT_NAME = "$(TARGET_NAME)";
			};
			name = Debug;
		};
		5B7FEAB21D24229C003D7FF5 /* Release */ = {
			isa = XCBuildConfiguration;
			buildSettings = {
				ASSETCATALOG_COMPILER_APPICON_NAME = AppIcon;
				INFOPLIST_FILE = GitHub/Info.plist;
				LD_RUNPATH_SEARCH_PATHS = "$(inherited) @executable_path/Frameworks";
				PRODUCT_BUNDLE_IDENTIFIER = com.markatlarge.GitHub;
				PRODUCT_NAME = "$(TARGET_NAME)";
			};
			name = Release;
		};
		5B7FEAB41D24229C003D7FF5 /* Debug */ = {
			isa = XCBuildConfiguration;
			buildSettings = {
				BUNDLE_LOADER = "$(TEST_HOST)";
				INFOPLIST_FILE = GitHubTests/Info.plist;
				LD_RUNPATH_SEARCH_PATHS = "$(inherited) @executable_path/Frameworks @loader_path/Frameworks";
				PRODUCT_BUNDLE_IDENTIFIER = com.markatlarge.GitHubTests;
				PRODUCT_NAME = "$(TARGET_NAME)";
				TEST_HOST = "$(BUILT_PRODUCTS_DIR)/GitHub.app/GitHub";
			};
			name = Debug;
		};
		5B7FEAB51D24229C003D7FF5 /* Release */ = {
			isa = XCBuildConfiguration;
			buildSettings = {
				BUNDLE_LOADER = "$(TEST_HOST)";
				INFOPLIST_FILE = GitHubTests/Info.plist;
				LD_RUNPATH_SEARCH_PATHS = "$(inherited) @executable_path/Frameworks @loader_path/Frameworks";
				PRODUCT_BUNDLE_IDENTIFIER = com.markatlarge.GitHubTests;
				PRODUCT_NAME = "$(TARGET_NAME)";
				TEST_HOST = "$(BUILT_PRODUCTS_DIR)/GitHub.app/GitHub";
			};
			name = Release;
		};
		5B7FEAB71D24229C003D7FF5 /* Debug */ = {
			isa = XCBuildConfiguration;
			buildSettings = {
				INFOPLIST_FILE = GitHubUITests/Info.plist;
				LD_RUNPATH_SEARCH_PATHS = "$(inherited) @executable_path/Frameworks @loader_path/Frameworks";
				PRODUCT_BUNDLE_IDENTIFIER = com.markatlarge.GitHubUITests;
				PRODUCT_NAME = "$(TARGET_NAME)";
				TEST_TARGET_NAME = GitHub;
			};
			name = Debug;
		};
		5B7FEAB81D24229C003D7FF5 /* Release */ = {
			isa = XCBuildConfiguration;
			buildSettings = {
				INFOPLIST_FILE = GitHubUITests/Info.plist;
				LD_RUNPATH_SEARCH_PATHS = "$(inherited) @executable_path/Frameworks @loader_path/Frameworks";
				PRODUCT_BUNDLE_IDENTIFIER = com.markatlarge.GitHubUITests;
				PRODUCT_NAME = "$(TARGET_NAME)";
				TEST_TARGET_NAME = GitHub;
			};
			name = Release;
		};
/* End XCBuildConfiguration section */

/* Begin XCConfigurationList section */
		5B7FEA831D24229B003D7FF5 /* Build configuration list for PBXProject "GitHub" */ = {
			isa = XCConfigurationList;
			buildConfigurations = (
				5B7FEAAE1D24229C003D7FF5 /* Debug */,
				5B7FEAAF1D24229C003D7FF5 /* Release */,
			);
			defaultConfigurationIsVisible = 0;
			defaultConfigurationName = Release;
		};
		5B7FEAB01D24229C003D7FF5 /* Build configuration list for PBXNativeTarget "GitHub" */ = {
			isa = XCConfigurationList;
			buildConfigurations = (
				5B7FEAB11D24229C003D7FF5 /* Debug */,
				5B7FEAB21D24229C003D7FF5 /* Release */,
			);
			defaultConfigurationIsVisible = 0;
		};
		5B7FEAB31D24229C003D7FF5 /* Build configuration list for PBXNativeTarget "GitHubTests" */ = {
			isa = XCConfigurationList;
			buildConfigurations = (
				5B7FEAB41D24229C003D7FF5 /* Debug */,
				5B7FEAB51D24229C003D7FF5 /* Release */,
			);
			defaultConfigurationIsVisible = 0;
		};
		5B7FEAB61D24229C003D7FF5 /* Build configuration list for PBXNativeTarget "GitHubUITests" */ = {
			isa = XCConfigurationList;
			buildConfigurations = (
				5B7FEAB71D24229C003D7FF5 /* Debug */,
				5B7FEAB81D24229C003D7FF5 /* Release */,
			);
			defaultConfigurationIsVisible = 0;
		};
/* End XCConfigurationList section */
	};
	rootObject = 5B7FEA801D24229B003D7FF5 /* Project object */;
}
